
Microsoft Visual Studio Solution File, Format Version 12.00
# Visual Studio 15
VisualStudioVersion = 15.0.27703.2047
MinimumVisualStudioVersion = 10.0.40219.1
Project("{FAE04EC0-301F-11D3-BF4B-00C04F79EFBC}") = "AMC_Demo", "AMC_Demo\AMC_Demo.csproj", "{32DCC876-ED24-40F5-822D-90FF78645721}"
EndProject
Global
	GlobalSection(SolutionConfigurationPlatforms) = preSolution
		Debug|Any CPU = Debug|Any CPU
		Release|Any CPU = Release|Any CPU
	EndGlobalSection
	GlobalSection(ProjectConfigurationPlatforms) = postSolution
		{32DCC876-ED24-40F5-822D-90FF78645721}.Debug|Any CPU.ActiveCfg = Debug|Any CPU
		{32DCC876-ED24-40F5-822D-90FF78645721}.Debug|Any CPU.Build.0 = Debug|Any CPU
		{32DCC876-ED24-40F5-822D-90FF78645721}.Release|Any CPU.ActiveCfg = Release|Any CPU
		{32DCC876-ED24-40F5-822D-90FF78645721}.Release|Any CPU.Build.0 = Release|Any CPU
	EndGlobalSection
	GlobalSection(SolutionProperties) = preSolution
		HideSolutionNode = FALSE
	EndGlobalSection
	GlobalSection(ExtensibilityGlobals) = postSolution
		SolutionGuid = {058BCF5A-C1C2-4324-B4EB-AA87A08DA7AA}
	EndGlobalSection
EndGlobal
